
Microsoft Visual Studio Solution File, Format Version 12.00
# Visual Studio 15
VisualStudioVersion = 15.0.28010.2041
MinimumVisualStudioVersion = 10.0.40219.1
Project("{FAE04EC0-301F-11D3-BF4B-00C04F79EFBC}") = "PriceBasket", "PriceBasket\PriceBasket.csproj", "{006926E3-E4DB-442C-A498-A68F8FA229C9}"
EndProject
Project("{FAE04EC0-301F-11D3-BF4B-00C04F79EFBC}") = "CartCalculator", "Discounts\CartCalculator.csproj", "{1D7904C0-04BF-47C3-930F-58F8A84754BB}"
EndProject
Project("{FAE04EC0-301F-11D3-BF4B-00C04F79EFBC}") = "CartCalculator.Test", "CartCalculator.Test\CartCalculator.Test.csproj", "{65E16A82-2A87-4204-8EEC-61B2DEDB6BCC}"
EndProject
Global
	GlobalSection(SolutionConfigurationPlatforms) = preSolution
		Debug|Any CPU = Debug|Any CPU
		Release|Any CPU = Release|Any CPU
	EndGlobalSection
	GlobalSection(ProjectConfigurationPlatforms) = postSolution
		{006926E3-E4DB-442C-A498-A68F8FA229C9}.Debug|Any CPU.ActiveCfg = Debug|Any CPU
		{006926E3-E4DB-442C-A498-A68F8FA229C9}.Debug|Any CPU.Build.0 = Debug|Any CPU
		{006926E3-E4DB-442C-A498-A68F8FA229C9}.Release|Any CPU.ActiveCfg = Release|Any CPU
		{006926E3-E4DB-442C-A498-A68F8FA229C9}.Release|Any CPU.Build.0 = Release|Any CPU
		{1D7904C0-04BF-47C3-930F-58F8A84754BB}.Debug|Any CPU.ActiveCfg = Debug|Any CPU
		{1D7904C0-04BF-47C3-930F-58F8A84754BB}.Debug|Any CPU.Build.0 = Debug|Any CPU
		{1D7904C0-04BF-47C3-930F-58F8A84754BB}.Release|Any CPU.ActiveCfg = Release|Any CPU
		{1D7904C0-04BF-47C3-930F-58F8A84754BB}.Release|Any CPU.Build.0 = Release|Any CPU
		{65E16A82-2A87-4204-8EEC-61B2DEDB6BCC}.Debug|Any CPU.ActiveCfg = Debug|Any CPU
		{65E16A82-2A87-4204-8EEC-61B2DEDB6BCC}.Debug|Any CPU.Build.0 = Debug|Any CPU
		{65E16A82-2A87-4204-8EEC-61B2DEDB6BCC}.Release|Any CPU.ActiveCfg = Release|Any CPU
		{65E16A82-2A87-4204-8EEC-61B2DEDB6BCC}.Release|Any CPU.Build.0 = Release|Any CPU
	EndGlobalSection
	GlobalSection(SolutionProperties) = preSolution
		HideSolutionNode = FALSE
	EndGlobalSection
	GlobalSection(ExtensibilityGlobals) = postSolution
		SolutionGuid = {0AC3C260-76E2-4D1B-8C48-BB4C58963C4E}
	EndGlobalSection
EndGlobal
